
Microsoft Visual Studio Solution File, Format Version 12.00
# Visual Studio Version 17
VisualStudioVersion = 17.3.32804.467
MinimumVisualStudioVersion = 10.0.40219.1
Project("{FAE04EC0-301F-11D3-BF4B-00C04F79EFBC}") = "ReservationSystem", "ReservationSystem\ReservationSystem.csproj", "{B0266A6D-16AC-4105-9CF4-A6F2D41EBE55}"
EndProject
Global
	GlobalSection(SolutionConfigurationPlatforms) = preSolution
		Debug|Any CPU = Debug|Any CPU
		Release|Any CPU = Release|Any CPU
	EndGlobalSection
	GlobalSection(ProjectConfigurationPlatforms) = postSolution
		{B0266A6D-16AC-4105-9CF4-A6F2D41EBE55}.Debug|Any CPU.ActiveCfg = Debug|Any CPU
		{B0266A6D-16AC-4105-9CF4-A6F2D41EBE55}.Debug|Any CPU.Build.0 = Debug|Any CPU
		{B0266A6D-16AC-4105-9CF4-A6F2D41EBE55}.Release|Any CPU.ActiveCfg = Release|Any CPU
		{B0266A6D-16AC-4105-9CF4-A6F2D41EBE55}.Release|Any CPU.Build.0 = Release|Any CPU
	EndGlobalSection
	GlobalSection(SolutionProperties) = preSolution
		HideSolutionNode = FALSE
	EndGlobalSection
	GlobalSection(ExtensibilityGlobals) = postSolution
		SolutionGuid = {63F3EB52-4ED8-4C16-B610-70DDB3020A2A}
	EndGlobalSection
EndGlobal
